
Microsoft Visual Studio Solution File, Format Version 12.00
# Visual Studio Version 17
VisualStudioVersion = 17.4.33205.214
MinimumVisualStudioVersion = 10.0.40219.1
Project("{FAE04EC0-301F-11D3-BF4B-00C04F79EFBC}") = "VMDemo", "VMDemo\VMDemo.csproj", "{C3F003DE-3944-46C7-8521-61AC2279D3CA}"
EndProject
Project("{FAE04EC0-301F-11D3-BF4B-00C04F79EFBC}") = "VMTests", "VMTests\VMTests.csproj", "{812630AF-3E2B-4A79-A1D1-67548A12CDDB}"
EndProject
Global
	GlobalSection(SolutionConfigurationPlatforms) = preSolution
		Debug|Any CPU = Debug|Any CPU
		Release|Any CPU = Release|Any CPU
	EndGlobalSection
	GlobalSection(ProjectConfigurationPlatforms) = postSolution
		{C3F003DE-3944-46C7-8521-61AC2279D3CA}.Debug|Any CPU.ActiveCfg = Debug|Any CPU
		{C3F003DE-3944-46C7-8521-61AC2279D3CA}.Debug|Any CPU.Build.0 = Debug|Any CPU
		{C3F003DE-3944-46C7-8521-61AC2279D3CA}.Release|Any CPU.ActiveCfg = Release|Any CPU
		{C3F003DE-3944-46C7-8521-61AC2279D3CA}.Release|Any CPU.Build.0 = Release|Any CPU
		{812630AF-3E2B-4A79-A1D1-67548A12CDDB}.Debug|Any CPU.ActiveCfg = Debug|Any CPU
		{812630AF-3E2B-4A79-A1D1-67548A12CDDB}.Debug|Any CPU.Build.0 = Debug|Any CPU
		{812630AF-3E2B-4A79-A1D1-67548A12CDDB}.Release|Any CPU.ActiveCfg = Release|Any CPU
		{812630AF-3E2B-4A79-A1D1-67548A12CDDB}.Release|Any CPU.Build.0 = Release|Any CPU
	EndGlobalSection
	GlobalSection(SolutionProperties) = preSolution
		HideSolutionNode = FALSE
	EndGlobalSection
	GlobalSection(ExtensibilityGlobals) = postSolution
		SolutionGuid = {BB6828CA-5185-4E98-8C9B-53945AF79DB8}
	EndGlobalSection
EndGlobal
